// !$*UTF8*$!
{
	archiveVersion = 1;
	classes = {
	};
	objectVersion = 50;
	objects = {

/* Begin PBXBuildFile section */
		D70AB7B324E95BBD000F9308 /* AppDelegate.swift in Sources */ = {isa = PBXBuildFile; fileRef = D70AB7B224E95BBD000F9308 /* AppDelegate.swift */; };
		D70AB7B524E95BBD000F9308 /* SceneDelegate.swift in Sources */ = {isa = PBXBuildFile; fileRef = D70AB7B424E95BBD000F9308 /* SceneDelegate.swift */; };
		D70AB7BC24E95BC0000F9308 /* Assets.xcassets in Resources */ = {isa = PBXBuildFile; fileRef = D70AB7BB24E95BC0000F9308 /* Assets.xcassets */; };
		D70AB7CA24E95BC0000F9308 /* GitHankingTests.swift in Sources */ = {isa = PBXBuildFile; fileRef = D70AB7C924E95BC0000F9308 /* GitHankingTests.swift */; };
		D70AB7D524E95BC0000F9308 /* GitHankingUITests.swift in Sources */ = {isa = PBXBuildFile; fileRef = D70AB7D424E95BC0000F9308 /* GitHankingUITests.swift */; };
		D70AB7E824E95CB9000F9308 /* RepositoryListViewController.swift in Sources */ = {isa = PBXBuildFile; fileRef = D70AB7E724E95CB9000F9308 /* RepositoryListViewController.swift */; };
		D70AB7EA24E95D6F000F9308 /* RepositoryListViewController.xib in Resources */ = {isa = PBXBuildFile; fileRef = D70AB7E924E95D6F000F9308 /* RepositoryListViewController.xib */; };
		D70AB82924E964A7000F9308 /* BasicRepositoryInfoTableViewCell.swift in Sources */ = {isa = PBXBuildFile; fileRef = D70AB82724E964A7000F9308 /* BasicRepositoryInfoTableViewCell.swift */; };
		D70AB82A24E964A7000F9308 /* BasicRepositoryInfoTableViewCell.xib in Resources */ = {isa = PBXBuildFile; fileRef = D70AB82824E964A7000F9308 /* BasicRepositoryInfoTableViewCell.xib */; };
		D70C21E224F2D21600943F2B /* LoadingFooterView.swift in Sources */ = {isa = PBXBuildFile; fileRef = D70C21E124F2D21600943F2B /* LoadingFooterView.swift */; };
		D70C21EA24F3165200943F2B /* UIColor+Utils.swift in Sources */ = {isa = PBXBuildFile; fileRef = D70C21E924F3165200943F2B /* UIColor+Utils.swift */; };
		D70C21EC24F3168700943F2B /* LaunchScreen.storyboard in Resources */ = {isa = PBXBuildFile; fileRef = D70C21EB24F3168700943F2B /* LaunchScreen.storyboard */; };
		D71474B124F1FF9F00CB59D7 /* Encodable+Dictionary.swift in Sources */ = {isa = PBXBuildFile; fileRef = D71474B024F1FF9F00CB59D7 /* Encodable+Dictionary.swift */; };
		D756FA6B24F22C3E00669407 /* CustomRefreshControl.swift in Sources */ = {isa = PBXBuildFile; fileRef = D756FA6A24F22C3E00669407 /* CustomRefreshControl.swift */; };
		D7C0217424F205F100DF1291 /* BaseViewController.swift in Sources */ = {isa = PBXBuildFile; fileRef = D7C0217324F205F100DF1291 /* BaseViewController.swift */; };
		D7C0217624F208F100DF1291 /* NVActivityIndicatorView.framework in Frameworks */ = {isa = PBXBuildFile; fileRef = D7C0217524F208F100DF1291 /* NVActivityIndicatorView.framework */; };
		D7C0217724F208F100DF1291 /* NVActivityIndicatorView.framework in Embed Frameworks */ = {isa = PBXBuildFile; fileRef = D7C0217524F208F100DF1291 /* NVActivityIndicatorView.framework */; settings = {ATTRIBUTES = (CodeSignOnCopy, RemoveHeadersOnCopy, ); }; };
		D7C0217924F2127D00DF1291 /* UITableView+Utils.swift in Sources */ = {isa = PBXBuildFile; fileRef = D7C0217824F2127D00DF1291 /* UITableView+Utils.swift */; };
		D7C0217B24F21D7800DF1291 /* Kingfisher.framework in Frameworks */ = {isa = PBXBuildFile; fileRef = D7C0217A24F21D7700DF1291 /* Kingfisher.framework */; };
		D7C0217C24F21D7800DF1291 /* Kingfisher.framework in Embed Frameworks */ = {isa = PBXBuildFile; fileRef = D7C0217A24F21D7700DF1291 /* Kingfisher.framework */; settings = {ATTRIBUTES = (CodeSignOnCopy, RemoveHeadersOnCopy, ); }; };
		D7C0217E24F228C000DF1291 /* UITableViewCell+ReuseIdentifier.swift in Sources */ = {isa = PBXBuildFile; fileRef = D7C0217D24F228C000DF1291 /* UITableViewCell+ReuseIdentifier.swift */; };
		D7E340B424F1AFDA0013B58F /* Moya.framework in Frameworks */ = {isa = PBXBuildFile; fileRef = D7E340A624F1AFDA0013B58F /* Moya.framework */; };
		D7E340B524F1AFDA0013B58F /* Moya.framework in Embed Frameworks */ = {isa = PBXBuildFile; fileRef = D7E340A624F1AFDA0013B58F /* Moya.framework */; settings = {ATTRIBUTES = (CodeSignOnCopy, RemoveHeadersOnCopy, ); }; };
		D7E340BE24F1AFDA0013B58F /* Alamofire.framework in Frameworks */ = {isa = PBXBuildFile; fileRef = D7E340AB24F1AFDA0013B58F /* Alamofire.framework */; };
		D7E340BF24F1AFDA0013B58F /* Alamofire.framework in Embed Frameworks */ = {isa = PBXBuildFile; fileRef = D7E340AB24F1AFDA0013B58F /* Alamofire.framework */; settings = {ATTRIBUTES = (CodeSignOnCopy, RemoveHeadersOnCopy, ); }; };
		D7E340C324F1B2CB0013B58F /* RepositoryListViewModel.swift in Sources */ = {isa = PBXBuildFile; fileRef = D7E340C224F1B2CB0013B58F /* RepositoryListViewModel.swift */; };
		D7E340C524F1B5370013B58F /* GitHubAPI.swift in Sources */ = {isa = PBXBuildFile; fileRef = D7E340C424F1B5370013B58F /* GitHubAPI.swift */; };
		D7E340C724F1B9390013B58F /* GitHubService.swift in Sources */ = {isa = PBXBuildFile; fileRef = D7E340C624F1B9390013B58F /* GitHubService.swift */; };
		D7E340C924F1BBC60013B58F /* ParametersList.swift in Sources */ = {isa = PBXBuildFile; fileRef = D7E340C824F1BBC60013B58F /* ParametersList.swift */; };
		D7E340CB24F1CF740013B58F /* RepositoriesList.swift in Sources */ = {isa = PBXBuildFile; fileRef = D7E340CA24F1CF740013B58F /* RepositoriesList.swift */; };
		D7E340CD24F1D68A0013B58F /* GitHubError.swift in Sources */ = {isa = PBXBuildFile; fileRef = D7E340CC24F1D68A0013B58F /* GitHubError.swift */; };
		D7E340CF24F1DBD30013B58F /* BaseService.swift in Sources */ = {isa = PBXBuildFile; fileRef = D7E340CE24F1DBD30013B58F /* BaseService.swift */; };
		D7E340D124F1DCFB0013B58F /* GitHubErrorData.swift in Sources */ = {isa = PBXBuildFile; fileRef = D7E340D024F1DCFB0013B58F /* GitHubErrorData.swift */; };
/* End PBXBuildFile section */

/* Begin PBXContainerItemProxy section */
		D70AB7C624E95BC0000F9308 /* PBXContainerItemProxy */ = {
			isa = PBXContainerItemProxy;
			containerPortal = D70AB7A724E95BBD000F9308 /* Project object */;
			proxyType = 1;
			remoteGlobalIDString = D70AB7AE24E95BBD000F9308;
			remoteInfo = GitHanking;
		};
		D70AB7D124E95BC0000F9308 /* PBXContainerItemProxy */ = {
			isa = PBXContainerItemProxy;
			containerPortal = D70AB7A724E95BBD000F9308 /* Project object */;
			proxyType = 1;
			remoteGlobalIDString = D70AB7AE24E95BBD000F9308;
			remoteInfo = GitHanking;
		};
/* End PBXContainerItemProxy section */

/* Begin PBXCopyFilesBuildPhase section */
		D7E340C024F1AFDA0013B58F /* Embed Frameworks */ = {
			isa = PBXCopyFilesBuildPhase;
			buildActionMask = 2147483647;
			dstPath = "";
			dstSubfolderSpec = 10;
			files = (
				D7E340B524F1AFDA0013B58F /* Moya.framework in Embed Frameworks */,
				D7E340BF24F1AFDA0013B58F /* Alamofire.framework in Embed Frameworks */,
				D7C0217C24F21D7800DF1291 /* Kingfisher.framework in Embed Frameworks */,
				D7C0217724F208F100DF1291 /* NVActivityIndicatorView.framework in Embed Frameworks */,
			);
			name = "Embed Frameworks";
			runOnlyForDeploymentPostprocessing = 0;
		};
/* End PBXCopyFilesBuildPhase section */

/* Begin PBXFileReference section */
		D70AB7AF24E95BBD000F9308 /* GitHanking.app */ = {isa = PBXFileReference; explicitFileType = wrapper.application; includeInIndex = 0; path = GitHanking.app; sourceTree = BUILT_PRODUCTS_DIR; };
		D70AB7B224E95BBD000F9308 /* AppDelegate.swift */ = {isa = PBXFileReference; lastKnownFileType = sourcecode.swift; path = AppDelegate.swift; sourceTree = "<group>"; };
		D70AB7B424E95BBD000F9308 /* SceneDelegate.swift */ = {isa = PBXFileReference; lastKnownFileType = sourcecode.swift; path = SceneDelegate.swift; sourceTree = "<group>"; };
		D70AB7BB24E95BC0000F9308 /* Assets.xcassets */ = {isa = PBXFileReference; lastKnownFileType = folder.assetcatalog; path = Assets.xcassets; sourceTree = "<group>"; };
		D70AB7C024E95BC0000F9308 /* Info.plist */ = {isa = PBXFileReference; lastKnownFileType = text.plist.xml; path = Info.plist; sourceTree = "<group>"; };
		D70AB7C524E95BC0000F9308 /* GitHankingTests.xctest */ = {isa = PBXFileReference; explicitFileType = wrapper.cfbundle; includeInIndex = 0; path = GitHankingTests.xctest; sourceTree = BUILT_PRODUCTS_DIR; };
		D70AB7C924E95BC0000F9308 /* GitHankingTests.swift */ = {isa = PBXFileReference; lastKnownFileType = sourcecode.swift; path = GitHankingTests.swift; sourceTree = "<group>"; };
		D70AB7CB24E95BC0000F9308 /* Info.plist */ = {isa = PBXFileReference; lastKnownFileType = text.plist.xml; path = Info.plist; sourceTree = "<group>"; };
		D70AB7D024E95BC0000F9308 /* GitHankingUITests.xctest */ = {isa = PBXFileReference; explicitFileType = wrapper.cfbundle; includeInIndex = 0; path = GitHankingUITests.xctest; sourceTree = BUILT_PRODUCTS_DIR; };
		D70AB7D424E95BC0000F9308 /* GitHankingUITests.swift */ = {isa = PBXFileReference; lastKnownFileType = sourcecode.swift; path = GitHankingUITests.swift; sourceTree = "<group>"; };
		D70AB7D624E95BC0000F9308 /* Info.plist */ = {isa = PBXFileReference; lastKnownFileType = text.plist.xml; path = Info.plist; sourceTree = "<group>"; };
		D70AB7E724E95CB9000F9308 /* RepositoryListViewController.swift */ = {isa = PBXFileReference; lastKnownFileType = sourcecode.swift; path = RepositoryListViewController.swift; sourceTree = "<group>"; };
		D70AB7E924E95D6F000F9308 /* RepositoryListViewController.xib */ = {isa = PBXFileReference; lastKnownFileType = file.xib; path = RepositoryListViewController.xib; sourceTree = "<group>"; };
		D70AB82724E964A7000F9308 /* BasicRepositoryInfoTableViewCell.swift */ = {isa = PBXFileReference; lastKnownFileType = sourcecode.swift; path = BasicRepositoryInfoTableViewCell.swift; sourceTree = "<group>"; };
		D70AB82824E964A7000F9308 /* BasicRepositoryInfoTableViewCell.xib */ = {isa = PBXFileReference; lastKnownFileType = file.xib; path = BasicRepositoryInfoTableViewCell.xib; sourceTree = "<group>"; };
		D70C21E124F2D21600943F2B /* LoadingFooterView.swift */ = {isa = PBXFileReference; lastKnownFileType = sourcecode.swift; path = LoadingFooterView.swift; sourceTree = "<group>"; };
		D70C21E924F3165200943F2B /* UIColor+Utils.swift */ = {isa = PBXFileReference; lastKnownFileType = sourcecode.swift; path = "UIColor+Utils.swift"; sourceTree = "<group>"; };
		D70C21EB24F3168700943F2B /* LaunchScreen.storyboard */ = {isa = PBXFileReference; lastKnownFileType = file.storyboard; path = LaunchScreen.storyboard; sourceTree = "<group>"; };
		D71474B024F1FF9F00CB59D7 /* Encodable+Dictionary.swift */ = {isa = PBXFileReference; lastKnownFileType = sourcecode.swift; path = "Encodable+Dictionary.swift"; sourceTree = "<group>"; };
		D756FA6A24F22C3E00669407 /* CustomRefreshControl.swift */ = {isa = PBXFileReference; lastKnownFileType = sourcecode.swift; path = CustomRefreshControl.swift; sourceTree = "<group>"; };
		D7C0217324F205F100DF1291 /* BaseViewController.swift */ = {isa = PBXFileReference; lastKnownFileType = sourcecode.swift; path = BaseViewController.swift; sourceTree = "<group>"; };
		D7C0217524F208F100DF1291 /* NVActivityIndicatorView.framework */ = {isa = PBXFileReference; lastKnownFileType = wrapper.framework; name = NVActivityIndicatorView.framework; path = Carthage/Build/iOS/NVActivityIndicatorView.framework; sourceTree = "<group>"; };
		D7C0217824F2127D00DF1291 /* UITableView+Utils.swift */ = {isa = PBXFileReference; lastKnownFileType = sourcecode.swift; path = "UITableView+Utils.swift"; sourceTree = "<group>"; };
		D7C0217A24F21D7700DF1291 /* Kingfisher.framework */ = {isa = PBXFileReference; lastKnownFileType = wrapper.framework; name = Kingfisher.framework; path = Carthage/Build/iOS/Kingfisher.framework; sourceTree = "<group>"; };
		D7C0217D24F228C000DF1291 /* UITableViewCell+ReuseIdentifier.swift */ = {isa = PBXFileReference; lastKnownFileType = sourcecode.swift; path = "UITableViewCell+ReuseIdentifier.swift"; sourceTree = "<group>"; };
		D7E340A224F1AFDA0013B58F /* RxMoya.framework */ = {isa = PBXFileReference; lastKnownFileType = wrapper.framework; name = RxMoya.framework; path = Carthage/Build/iOS/RxMoya.framework; sourceTree = "<group>"; };
		D7E340A324F1AFDA0013B58F /* ReactiveSwift.framework */ = {isa = PBXFileReference; lastKnownFileType = wrapper.framework; name = ReactiveSwift.framework; path = Carthage/Build/iOS/ReactiveSwift.framework; sourceTree = "<group>"; };
		D7E340A424F1AFDA0013B58F /* ReactiveMoya.framework */ = {isa = PBXFileReference; lastKnownFileType = wrapper.framework; name = ReactiveMoya.framework; path = Carthage/Build/iOS/ReactiveMoya.framework; sourceTree = "<group>"; };
		D7E340A524F1AFDA0013B58F /* RxRelay.framework */ = {isa = PBXFileReference; lastKnownFileType = wrapper.framework; name = RxRelay.framework; path = Carthage/Build/iOS/RxRelay.framework; sourceTree = "<group>"; };
		D7E340A624F1AFDA0013B58F /* Moya.framework */ = {isa = PBXFileReference; lastKnownFileType = wrapper.framework; name = Moya.framework; path = Carthage/Build/iOS/Moya.framework; sourceTree = "<group>"; };
		D7E340A724F1AFDA0013B58F /* RxSwift.framework */ = {isa = PBXFileReference; lastKnownFileType = wrapper.framework; name = RxSwift.framework; path = Carthage/Build/iOS/RxSwift.framework; sourceTree = "<group>"; };
		D7E340A824F1AFDA0013B58F /* RxTest.framework */ = {isa = PBXFileReference; lastKnownFileType = wrapper.framework; name = RxTest.framework; path = Carthage/Build/iOS/RxTest.framework; sourceTree = "<group>"; };
		D7E340A924F1AFDA0013B58F /* RxCocoa.framework */ = {isa = PBXFileReference; lastKnownFileType = wrapper.framework; name = RxCocoa.framework; path = Carthage/Build/iOS/RxCocoa.framework; sourceTree = "<group>"; };
		D7E340AA24F1AFDA0013B58F /* RxBlocking.framework */ = {isa = PBXFileReference; lastKnownFileType = wrapper.framework; name = RxBlocking.framework; path = Carthage/Build/iOS/RxBlocking.framework; sourceTree = "<group>"; };
		D7E340AB24F1AFDA0013B58F /* Alamofire.framework */ = {isa = PBXFileReference; lastKnownFileType = wrapper.framework; name = Alamofire.framework; path = Carthage/Build/iOS/Alamofire.framework; sourceTree = "<group>"; };
		D7E340C224F1B2CB0013B58F /* RepositoryListViewModel.swift */ = {isa = PBXFileReference; lastKnownFileType = sourcecode.swift; path = RepositoryListViewModel.swift; sourceTree = "<group>"; };
		D7E340C424F1B5370013B58F /* GitHubAPI.swift */ = {isa = PBXFileReference; lastKnownFileType = sourcecode.swift; path = GitHubAPI.swift; sourceTree = "<group>"; };
		D7E340C624F1B9390013B58F /* GitHubService.swift */ = {isa = PBXFileReference; lastKnownFileType = sourcecode.swift; path = GitHubService.swift; sourceTree = "<group>"; };
		D7E340C824F1BBC60013B58F /* ParametersList.swift */ = {isa = PBXFileReference; lastKnownFileType = sourcecode.swift; path = ParametersList.swift; sourceTree = "<group>"; };
		D7E340CA24F1CF740013B58F /* RepositoriesList.swift */ = {isa = PBXFileReference; lastKnownFileType = sourcecode.swift; path = RepositoriesList.swift; sourceTree = "<group>"; };
		D7E340CC24F1D68A0013B58F /* GitHubError.swift */ = {isa = PBXFileReference; lastKnownFileType = sourcecode.swift; path = GitHubError.swift; sourceTree = "<group>"; };
		D7E340CE24F1DBD30013B58F /* BaseService.swift */ = {isa = PBXFileReference; lastKnownFileType = sourcecode.swift; path = BaseService.swift; sourceTree = "<group>"; };
		D7E340D024F1DCFB0013B58F /* GitHubErrorData.swift */ = {isa = PBXFileReference; lastKnownFileType = sourcecode.swift; path = GitHubErrorData.swift; sourceTree = "<group>"; };
/* End PBXFileReference section */

/* Begin PBXFrameworksBuildPhase section */
		D70AB7AC24E95BBD000F9308 /* Frameworks */ = {
			isa = PBXFrameworksBuildPhase;
			buildActionMask = 2147483647;
			files = (
				D7E340B424F1AFDA0013B58F /* Moya.framework in Frameworks */,
				D7E340BE24F1AFDA0013B58F /* Alamofire.framework in Frameworks */,
				D7C0217B24F21D7800DF1291 /* Kingfisher.framework in Frameworks */,
				D7C0217624F208F100DF1291 /* NVActivityIndicatorView.framework in Frameworks */,
			);
			runOnlyForDeploymentPostprocessing = 0;
		};
		D70AB7C224E95BC0000F9308 /* Frameworks */ = {
			isa = PBXFrameworksBuildPhase;
			buildActionMask = 2147483647;
			files = (
			);
			runOnlyForDeploymentPostprocessing = 0;
		};
		D70AB7CD24E95BC0000F9308 /* Frameworks */ = {
			isa = PBXFrameworksBuildPhase;
			buildActionMask = 2147483647;
			files = (
			);
			runOnlyForDeploymentPostprocessing = 0;
		};
/* End PBXFrameworksBuildPhase section */

/* Begin PBXGroup section */
		D70AB7A624E95BBD000F9308 = {
			isa = PBXGroup;
			children = (
				D70AB7B124E95BBD000F9308 /* GitHanking */,
				D70AB7C824E95BC0000F9308 /* GitHankingTests */,
				D70AB7D324E95BC0000F9308 /* GitHankingUITests */,
				D70AB7B024E95BBD000F9308 /* Products */,
				D7E340A124F1AFD90013B58F /* Frameworks */,
			);
			sourceTree = "<group>";
		};
		D70AB7B024E95BBD000F9308 /* Products */ = {
			isa = PBXGroup;
			children = (
				D70AB7AF24E95BBD000F9308 /* GitHanking.app */,
				D70AB7C524E95BC0000F9308 /* GitHankingTests.xctest */,
				D70AB7D024E95BC0000F9308 /* GitHankingUITests.xctest */,
			);
			name = Products;
			sourceTree = "<group>";
		};
		D70AB7B124E95BBD000F9308 /* GitHanking */ = {
			isa = PBXGroup;
			children = (
				D71474AD24F1FF4800CB59D7 /* Commons */,
				D71474AC24F1FEF700CB59D7 /* RepositoryList */,
				D70AB7B224E95BBD000F9308 /* AppDelegate.swift */,
				D70C21EB24F3168700943F2B /* LaunchScreen.storyboard */,
				D70AB7B424E95BBD000F9308 /* SceneDelegate.swift */,
				D70AB7BB24E95BC0000F9308 /* Assets.xcassets */,
				D70AB7C024E95BC0000F9308 /* Info.plist */,
			);
			path = GitHanking;
			sourceTree = "<group>";
		};
		D70AB7C824E95BC0000F9308 /* GitHankingTests */ = {
			isa = PBXGroup;
			children = (
				D70AB7C924E95BC0000F9308 /* GitHankingTests.swift */,
				D70AB7CB24E95BC0000F9308 /* Info.plist */,
			);
			path = GitHankingTests;
			sourceTree = "<group>";
		};
		D70AB7D324E95BC0000F9308 /* GitHankingUITests */ = {
			isa = PBXGroup;
			children = (
				D70AB7D424E95BC0000F9308 /* GitHankingUITests.swift */,
				D70AB7D624E95BC0000F9308 /* Info.plist */,
			);
			path = GitHankingUITests;
			sourceTree = "<group>";
		};
		D70AB7E224E95C1E000F9308 /* View */ = {
			isa = PBXGroup;
			children = (
				D70AB7E724E95CB9000F9308 /* RepositoryListViewController.swift */,
				D70AB7E924E95D6F000F9308 /* RepositoryListViewController.xib */,
				D70AB82724E964A7000F9308 /* BasicRepositoryInfoTableViewCell.swift */,
				D70AB82824E964A7000F9308 /* BasicRepositoryInfoTableViewCell.xib */,
				D70C21E124F2D21600943F2B /* LoadingFooterView.swift */,
			);
			path = View;
			sourceTree = "<group>";
		};
		D70AB7E424E95C38000F9308 /* Model */ = {
			isa = PBXGroup;
			children = (
				D7E340C824F1BBC60013B58F /* ParametersList.swift */,
				D7E340CA24F1CF740013B58F /* RepositoriesList.swift */,
			);
			path = Model;
			sourceTree = "<group>";
		};
		D70AB7E524E95C41000F9308 /* ViewModel */ = {
			isa = PBXGroup;
			children = (
				D7E340C224F1B2CB0013B58F /* RepositoryListViewModel.swift */,
			);
			path = ViewModel;
			sourceTree = "<group>";
		};
		D70AB7E624E95C4A000F9308 /* Network */ = {
			isa = PBXGroup;
			children = (
				D7E340C424F1B5370013B58F /* GitHubAPI.swift */,
				D7E340C624F1B9390013B58F /* GitHubService.swift */,
			);
			path = Network;
			sourceTree = "<group>";
		};
		D71474AC24F1FEF700CB59D7 /* RepositoryList */ = {
			isa = PBXGroup;
			children = (
				D70AB7E624E95C4A000F9308 /* Network */,
				D70AB7E524E95C41000F9308 /* ViewModel */,
				D70AB7E424E95C38000F9308 /* Model */,
				D70AB7E224E95C1E000F9308 /* View */,
			);
			path = RepositoryList;
			sourceTree = "<group>";
		};
		D71474AD24F1FF4800CB59D7 /* Commons */ = {
			isa = PBXGroup;
			children = (
				D7C0217224F205E100DF1291 /* View */,
				D71474AF24F1FF6C00CB59D7 /* Extensions */,
				D71474AE24F1FF5600CB59D7 /* Network */,
			);
			path = Commons;
			sourceTree = "<group>";
		};
		D71474AE24F1FF5600CB59D7 /* Network */ = {
			isa = PBXGroup;
			children = (
				D7E340CC24F1D68A0013B58F /* GitHubError.swift */,
				D7E340D024F1DCFB0013B58F /* GitHubErrorData.swift */,
				D7E340CE24F1DBD30013B58F /* BaseService.swift */,
			);
			path = Network;
			sourceTree = "<group>";
		};
		D71474AF24F1FF6C00CB59D7 /* Extensions */ = {
			isa = PBXGroup;
			children = (
				D71474B024F1FF9F00CB59D7 /* Encodable+Dictionary.swift */,
				D7C0217824F2127D00DF1291 /* UITableView+Utils.swift */,
				D7C0217D24F228C000DF1291 /* UITableViewCell+ReuseIdentifier.swift */,
			);
			path = Extensions;
			sourceTree = "<group>";
		};
		D7C0217224F205E100DF1291 /* View */ = {
			isa = PBXGroup;
			children = (
				D7C0217324F205F100DF1291 /* BaseViewController.swift */,
				D756FA6A24F22C3E00669407 /* CustomRefreshControl.swift */,
				D70C21E924F3165200943F2B /* UIColor+Utils.swift */,
			);
			path = View;
			sourceTree = "<group>";
		};
		D7E340A124F1AFD90013B58F /* Frameworks */ = {
			isa = PBXGroup;
			children = (
				D7C0217A24F21D7700DF1291 /* Kingfisher.framework */,
				D7C0217524F208F100DF1291 /* NVActivityIndicatorView.framework */,
				D7E340AB24F1AFDA0013B58F /* Alamofire.framework */,
				D7E340A624F1AFDA0013B58F /* Moya.framework */,
				D7E340A424F1AFDA0013B58F /* ReactiveMoya.framework */,
				D7E340A324F1AFDA0013B58F /* ReactiveSwift.framework */,
				D7E340AA24F1AFDA0013B58F /* RxBlocking.framework */,
				D7E340A924F1AFDA0013B58F /* RxCocoa.framework */,
				D7E340A224F1AFDA0013B58F /* RxMoya.framework */,
				D7E340A524F1AFDA0013B58F /* RxRelay.framework */,
				D7E340A724F1AFDA0013B58F /* RxSwift.framework */,
				D7E340A824F1AFDA0013B58F /* RxTest.framework */,
			);
			name = Frameworks;
			sourceTree = "<group>";
		};
/* End PBXGroup section */

/* Begin PBXNativeTarget section */
		D70AB7AE24E95BBD000F9308 /* GitHanking */ = {
			isa = PBXNativeTarget;
			buildConfigurationList = D70AB7D924E95BC0000F9308 /* Build configuration list for PBXNativeTarget "GitHanking" */;
			buildPhases = (
				D70AB7AB24E95BBD000F9308 /* Sources */,
				D70AB7AC24E95BBD000F9308 /* Frameworks */,
				D70AB7AD24E95BBD000F9308 /* Resources */,
				D7E340C024F1AFDA0013B58F /* Embed Frameworks */,
				D7E340C124F1B05A0013B58F /* ShellScript */,
			);
			buildRules = (
			);
			dependencies = (
			);
			name = GitHanking;
			productName = GitHanking;
			productReference = D70AB7AF24E95BBD000F9308 /* GitHanking.app */;
			productType = "com.apple.product-type.application";
		};
		D70AB7C424E95BC0000F9308 /* GitHankingTests */ = {
			isa = PBXNativeTarget;
			buildConfigurationList = D70AB7DC24E95BC0000F9308 /* Build configuration list for PBXNativeTarget "GitHankingTests" */;
			buildPhases = (
				D70AB7C124E95BC0000F9308 /* Sources */,
				D70AB7C224E95BC0000F9308 /* Frameworks */,
				D70AB7C324E95BC0000F9308 /* Resources */,
			);
			buildRules = (
			);
			dependencies = (
				D70AB7C724E95BC0000F9308 /* PBXTargetDependency */,
			);
			name = GitHankingTests;
			productName = GitHankingTests;
			productReference = D70AB7C524E95BC0000F9308 /* GitHankingTests.xctest */;
			productType = "com.apple.product-type.bundle.unit-test";
		};
		D70AB7CF24E95BC0000F9308 /* GitHankingUITests */ = {
			isa = PBXNativeTarget;
			buildConfigurationList = D70AB7DF24E95BC0000F9308 /* Build configuration list for PBXNativeTarget "GitHankingUITests" */;
			buildPhases = (
				D70AB7CC24E95BC0000F9308 /* Sources */,
				D70AB7CD24E95BC0000F9308 /* Frameworks */,
				D70AB7CE24E95BC0000F9308 /* Resources */,
			);
			buildRules = (
			);
			dependencies = (
				D70AB7D224E95BC0000F9308 /* PBXTargetDependency */,
			);
			name = GitHankingUITests;
			productName = GitHankingUITests;
			productReference = D70AB7D024E95BC0000F9308 /* GitHankingUITests.xctest */;
			productType = "com.apple.product-type.bundle.ui-testing";
		};
/* End PBXNativeTarget section */

/* Begin PBXProject section */
		D70AB7A724E95BBD000F9308 /* Project object */ = {
			isa = PBXProject;
			attributes = {
				LastSwiftUpdateCheck = 1160;
				LastUpgradeCheck = 1160;
				ORGANIZATIONNAME = "Guadalupe Montefusco de Oliveira";
				TargetAttributes = {
					D70AB7AE24E95BBD000F9308 = {
						CreatedOnToolsVersion = 11.6;
					};
					D70AB7C424E95BC0000F9308 = {
						CreatedOnToolsVersion = 11.6;
						TestTargetID = D70AB7AE24E95BBD000F9308;
					};
					D70AB7CF24E95BC0000F9308 = {
						CreatedOnToolsVersion = 11.6;
						TestTargetID = D70AB7AE24E95BBD000F9308;
					};
				};
			};
			buildConfigurationList = D70AB7AA24E95BBD000F9308 /* Build configuration list for PBXProject "GitHanking" */;
			compatibilityVersion = "Xcode 9.3";
			developmentRegion = en;
			hasScannedForEncodings = 0;
			knownRegions = (
				en,
				Base,
			);
			mainGroup = D70AB7A624E95BBD000F9308;
			productRefGroup = D70AB7B024E95BBD000F9308 /* Products */;
			projectDirPath = "";
			projectRoot = "";
			targets = (
				D70AB7AE24E95BBD000F9308 /* GitHanking */,
				D70AB7C424E95BC0000F9308 /* GitHankingTests */,
				D70AB7CF24E95BC0000F9308 /* GitHankingUITests */,
			);
		};
/* End PBXProject section */

/* Begin PBXResourcesBuildPhase section */
		D70AB7AD24E95BBD000F9308 /* Resources */ = {
			isa = PBXResourcesBuildPhase;
			buildActionMask = 2147483647;
			files = (
				D70AB7EA24E95D6F000F9308 /* RepositoryListViewController.xib in Resources */,
				D70AB82A24E964A7000F9308 /* BasicRepositoryInfoTableViewCell.xib in Resources */,
				D70C21EC24F3168700943F2B /* LaunchScreen.storyboard in Resources */,
				D70AB7BC24E95BC0000F9308 /* Assets.xcassets in Resources */,
			);
			runOnlyForDeploymentPostprocessing = 0;
		};
		D70AB7C324E95BC0000F9308 /* Resources */ = {
			isa = PBXResourcesBuildPhase;
			buildActionMask = 2147483647;
			files = (
			);
			runOnlyForDeploymentPostprocessing = 0;
		};
		D70AB7CE24E95BC0000F9308 /* Resources */ = {
			isa = PBXResourcesBuildPhase;
			buildActionMask = 2147483647;
			files = (
			);
			runOnlyForDeploymentPostprocessing = 0;
		};
/* End PBXResourcesBuildPhase section */

/* Begin PBXShellScriptBuildPhase section */
		D7E340C124F1B05A0013B58F /* ShellScript */ = {
			isa = PBXShellScriptBuildPhase;
			buildActionMask = 2147483647;
			files = (
			);
			inputFileListPaths = (
			);
			inputPaths = (
				"$(SRCROOT)/Carthage/Build/iOS/Alamofire.framework",
				"$(SRCROOT)/Carthage/Build/iOS/Moya.framework",
				"$(SRCROOT)/Carthage/Build/iOS/NVActivityIndicatorView.framework",
				"$(SRCROOT)/Carthage/Build/iOS/Kingfisher.framework",
			);
			outputFileListPaths = (
			);
			outputPaths = (
			);
			runOnlyForDeploymentPostprocessing = 0;
			shellPath = /bin/sh;
			shellScript = "# Type a script or drag a script file from your workspace to insert its path.\n/usr/local/bin/carthage copy-frameworks\n";
		};
/* End PBXShellScriptBuildPhase section */

/* Begin PBXSourcesBuildPhase section */
		D70AB7AB24E95BBD000F9308 /* Sources */ = {
			isa = PBXSourcesBuildPhase;
			buildActionMask = 2147483647;
			files = (
				D7C0217924F2127D00DF1291 /* UITableView+Utils.swift in Sources */,
				D70AB7B324E95BBD000F9308 /* AppDelegate.swift in Sources */,
				D7E340C524F1B5370013B58F /* GitHubAPI.swift in Sources */,
				D7C0217E24F228C000DF1291 /* UITableViewCell+ReuseIdentifier.swift in Sources */,
				D756FA6B24F22C3E00669407 /* CustomRefreshControl.swift in Sources */,
				D7E340CB24F1CF740013B58F /* RepositoriesList.swift in Sources */,
				D7E340D124F1DCFB0013B58F /* GitHubErrorData.swift in Sources */,
				D71474B124F1FF9F00CB59D7 /* Encodable+Dictionary.swift in Sources */,
				D7C0217424F205F100DF1291 /* BaseViewController.swift in Sources */,
				D70AB7B524E95BBD000F9308 /* SceneDelegate.swift in Sources */,
				D70AB82924E964A7000F9308 /* BasicRepositoryInfoTableViewCell.swift in Sources */,
				D70AB7E824E95CB9000F9308 /* RepositoryListViewController.swift in Sources */,
				D7E340C324F1B2CB0013B58F /* RepositoryListViewModel.swift in Sources */,
				D7E340C724F1B9390013B58F /* GitHubService.swift in Sources */,
				D70C21E224F2D21600943F2B /* LoadingFooterView.swift in Sources */,
				D7E340C924F1BBC60013B58F /* ParametersList.swift in Sources */,
				D7E340CD24F1D68A0013B58F /* GitHubError.swift in Sources */,
				D7E340CF24F1DBD30013B58F /* BaseService.swift in Sources */,
				D70C21EA24F3165200943F2B /* UIColor+Utils.swift in Sources */,
			);
			runOnlyForDeploymentPostprocessing = 0;
		};
		D70AB7C124E95BC0000F9308 /* Sources */ = {
			isa = PBXSourcesBuildPhase;
			buildActionMask = 2147483647;
			files = (
				D70AB7CA24E95BC0000F9308 /* GitHankingTests.swift in Sources */,
			);
			runOnlyForDeploymentPostprocessing = 0;
		};
		D70AB7CC24E95BC0000F9308 /* Sources */ = {
			isa = PBXSourcesBuildPhase;
			buildActionMask = 2147483647;
			files = (
				D70AB7D524E95BC0000F9308 /* GitHankingUITests.swift in Sources */,
			);
			runOnlyForDeploymentPostprocessing = 0;
		};
/* End PBXSourcesBuildPhase section */

/* Begin PBXTargetDependency section */
		D70AB7C724E95BC0000F9308 /* PBXTargetDependency */ = {
			isa = PBXTargetDependency;
			target = D70AB7AE24E95BBD000F9308 /* GitHanking */;
			targetProxy = D70AB7C624E95BC0000F9308 /* PBXContainerItemProxy */;
		};
		D70AB7D224E95BC0000F9308 /* PBXTargetDependency */ = {
			isa = PBXTargetDependency;
			target = D70AB7AE24E95BBD000F9308 /* GitHanking */;
			targetProxy = D70AB7D124E95BC0000F9308 /* PBXContainerItemProxy */;
		};
/* End PBXTargetDependency section */

/* Begin XCBuildConfiguration section */
		D70AB7D724E95BC0000F9308 /* Debug */ = {
			isa = XCBuildConfiguration;
			buildSettings = {
				ALWAYS_SEARCH_USER_PATHS = NO;
				CLANG_ANALYZER_NONNULL = YES;
				CLANG_ANALYZER_NUMBER_OBJECT_CONVERSION = YES_AGGRESSIVE;
				CLANG_CXX_LANGUAGE_STANDARD = "gnu++14";
				CLANG_CXX_LIBRARY = "libc++";
				CLANG_ENABLE_MODULES = YES;
				CLANG_ENABLE_OBJC_ARC = YES;
				CLANG_ENABLE_OBJC_WEAK = YES;
				CLANG_WARN_BLOCK_CAPTURE_AUTORELEASING = YES;
				CLANG_WARN_BOOL_CONVERSION = YES;
				CLANG_WARN_COMMA = YES;
				CLANG_WARN_CONSTANT_CONVERSION = YES;
				CLANG_WARN_DEPRECATED_OBJC_IMPLEMENTATIONS = YES;
				CLANG_WARN_DIRECT_OBJC_ISA_USAGE = YES_ERROR;
				CLANG_WARN_DOCUMENTATION_COMMENTS = YES;
				CLANG_WARN_EMPTY_BODY = YES;
				CLANG_WARN_ENUM_CONVERSION = YES;
				CLANG_WARN_INFINITE_RECURSION = YES;
				CLANG_WARN_INT_CONVERSION = YES;
				CLANG_WARN_NON_LITERAL_NULL_CONVERSION = YES;
				CLANG_WARN_OBJC_IMPLICIT_RETAIN_SELF = YES;
				CLANG_WARN_OBJC_LITERAL_CONVERSION = YES;
				CLANG_WARN_OBJC_ROOT_CLASS = YES_ERROR;
				CLANG_WARN_RANGE_LOOP_ANALYSIS = YES;
				CLANG_WARN_STRICT_PROTOTYPES = YES;
				CLANG_WARN_SUSPICIOUS_MOVE = YES;
				CLANG_WARN_UNGUARDED_AVAILABILITY = YES_AGGRESSIVE;
				CLANG_WARN_UNREACHABLE_CODE = YES;
				CLANG_WARN__DUPLICATE_METHOD_MATCH = YES;
				COPY_PHASE_STRIP = NO;
				DEBUG_INFORMATION_FORMAT = dwarf;
				ENABLE_STRICT_OBJC_MSGSEND = YES;
				ENABLE_TESTABILITY = YES;
				GCC_C_LANGUAGE_STANDARD = gnu11;
				GCC_DYNAMIC_NO_PIC = NO;
				GCC_NO_COMMON_BLOCKS = YES;
				GCC_OPTIMIZATION_LEVEL = 0;
				GCC_PREPROCESSOR_DEFINITIONS = (
					"DEBUG=1",
					"$(inherited)",
				);
				GCC_WARN_64_TO_32_BIT_CONVERSION = YES;
				GCC_WARN_ABOUT_RETURN_TYPE = YES_ERROR;
				GCC_WARN_UNDECLARED_SELECTOR = YES;
				GCC_WARN_UNINITIALIZED_AUTOS = YES_AGGRESSIVE;
				GCC_WARN_UNUSED_FUNCTION = YES;
				GCC_WARN_UNUSED_VARIABLE = YES;
				IPHONEOS_DEPLOYMENT_TARGET = 13.0;
				MTL_ENABLE_DEBUG_INFO = INCLUDE_SOURCE;
				MTL_FAST_MATH = YES;
				ONLY_ACTIVE_ARCH = YES;
				SDKROOT = iphoneos;
				SWIFT_ACTIVE_COMPILATION_CONDITIONS = DEBUG;
				SWIFT_OPTIMIZATION_LEVEL = "-Onone";
			};
			name = Debug;
		};
		D70AB7D824E95BC0000F9308 /* Release */ = {
			isa = XCBuildConfiguration;
			buildSettings = {
				ALWAYS_SEARCH_USER_PATHS = NO;
				CLANG_ANALYZER_NONNULL = YES;
				CLANG_ANALYZER_NUMBER_OBJECT_CONVERSION = YES_AGGRESSIVE;
				CLANG_CXX_LANGUAGE_STANDARD = "gnu++14";
				CLANG_CXX_LIBRARY = "libc++";
				CLANG_ENABLE_MODULES = YES;
				CLANG_ENABLE_OBJC_ARC = YES;
				CLANG_ENABLE_OBJC_WEAK = YES;
				CLANG_WARN_BLOCK_CAPTURE_AUTORELEASING = YES;
				CLANG_WARN_BOOL_CONVERSION = YES;
				CLANG_WARN_COMMA = YES;
				CLANG_WARN_CONSTANT_CONVERSION = YES;
				CLANG_WARN_DEPRECATED_OBJC_IMPLEMENTATIONS = YES;
				CLANG_WARN_DIRECT_OBJC_ISA_USAGE = YES_ERROR;
				CLANG_WARN_DOCUMENTATION_COMMENTS = YES;
				CLANG_WARN_EMPTY_BODY = YES;
				CLANG_WARN_ENUM_CONVERSION = YES;
				CLANG_WARN_INFINITE_RECURSION = YES;
				CLANG_WARN_INT_CONVERSION = YES;
				CLANG_WARN_NON_LITERAL_NULL_CONVERSION = YES;
				CLANG_WARN_OBJC_IMPLICIT_RETAIN_SELF = YES;
				CLANG_WARN_OBJC_LITERAL_CONVERSION = YES;
				CLANG_WARN_OBJC_ROOT_CLASS = YES_ERROR;
				CLANG_WARN_RANGE_LOOP_ANALYSIS = YES;
				CLANG_WARN_STRICT_PROTOTYPES = YES;
				CLANG_WARN_SUSPICIOUS_MOVE = YES;
				CLANG_WARN_UNGUARDED_AVAILABILITY = YES_AGGRESSIVE;
				CLANG_WARN_UNREACHABLE_CODE = YES;
				CLANG_WARN__DUPLICATE_METHOD_MATCH = YES;
				COPY_PHASE_STRIP = NO;
				DEBUG_INFORMATION_FORMAT = "dwarf-with-dsym";
				ENABLE_NS_ASSERTIONS = NO;
				ENABLE_STRICT_OBJC_MSGSEND = YES;
				GCC_C_LANGUAGE_STANDARD = gnu11;
				GCC_NO_COMMON_BLOCKS = YES;
				GCC_WARN_64_TO_32_BIT_CONVERSION = YES;
				GCC_WARN_ABOUT_RETURN_TYPE = YES_ERROR;
				GCC_WARN_UNDECLARED_SELECTOR = YES;
				GCC_WARN_UNINITIALIZED_AUTOS = YES_AGGRESSIVE;
				GCC_WARN_UNUSED_FUNCTION = YES;
				GCC_WARN_UNUSED_VARIABLE = YES;
				IPHONEOS_DEPLOYMENT_TARGET = 13.0;
				MTL_ENABLE_DEBUG_INFO = NO;
				MTL_FAST_MATH = YES;
				SDKROOT = iphoneos;
				SWIFT_COMPILATION_MODE = wholemodule;
				SWIFT_OPTIMIZATION_LEVEL = "-O";
				VALIDATE_PRODUCT = YES;
			};
			name = Release;
		};
		D70AB7DA24E95BC0000F9308 /* Debug */ = {
			isa = XCBuildConfiguration;
			buildSettings = {
				ASSETCATALOG_COMPILER_APPICON_NAME = AppIcon;
				CODE_SIGN_STYLE = Automatic;
				FRAMEWORK_SEARCH_PATHS = (
					"$(inherited)",
					"$(PROJECT_DIR)/Carthage/Build/iOS",
				);
				INFOPLIST_FILE = GitHanking/Info.plist;
				LD_RUNPATH_SEARCH_PATHS = (
					"$(inherited)",
					"@executable_path/Frameworks",
				);
				PRODUCT_BUNDLE_IDENTIFIER = guadalupemontefusco.GitHanking;
				PRODUCT_NAME = "$(TARGET_NAME)";
				SWIFT_VERSION = 5.0;
				TARGETED_DEVICE_FAMILY = 1;
			};
			name = Debug;
		};
		D70AB7DB24E95BC0000F9308 /* Release */ = {
			isa = XCBuildConfiguration;
			buildSettings = {
				ASSETCATALOG_COMPILER_APPICON_NAME = AppIcon;
				CODE_SIGN_STYLE = Automatic;
				FRAMEWORK_SEARCH_PATHS = (
					"$(inherited)",
					"$(PROJECT_DIR)/Carthage/Build/iOS",
				);
				INFOPLIST_FILE = GitHanking/Info.plist;
				LD_RUNPATH_SEARCH_PATHS = (
					"$(inherited)",
					"@executable_path/Frameworks",
				);
				PRODUCT_BUNDLE_IDENTIFIER = guadalupemontefusco.GitHanking;
				PRODUCT_NAME = "$(TARGET_NAME)";
				SWIFT_VERSION = 5.0;
				TARGETED_DEVICE_FAMILY = 1;
			};
			name = Release;
		};
		D70AB7DD24E95BC0000F9308 /* Debug */ = {
			isa = XCBuildConfiguration;
			buildSettings = {
				ALWAYS_EMBED_SWIFT_STANDARD_LIBRARIES = YES;
				BUNDLE_LOADER = "$(TEST_HOST)";
				CODE_SIGN_STYLE = Automatic;
				INFOPLIST_FILE = GitHankingTests/Info.plist;
				IPHONEOS_DEPLOYMENT_TARGET = 13.6;
				LD_RUNPATH_SEARCH_PATHS = (
					"$(inherited)",
					"@executable_path/Frameworks",
					"@loader_path/Frameworks",
				);
				PRODUCT_BUNDLE_IDENTIFIER = guadalupemontefusco.GitHankingTests;
				PRODUCT_NAME = "$(TARGET_NAME)";
				SWIFT_VERSION = 5.0;
				TARGETED_DEVICE_FAMILY = "1,2";
				TEST_HOST = "$(BUILT_PRODUCTS_DIR)/GitHanking.app/GitHanking";
			};
			name = Debug;
		};
		D70AB7DE24E95BC0000F9308 /* Release */ = {
			isa = XCBuildConfiguration;
			buildSettings = {
				ALWAYS_EMBED_SWIFT_STANDARD_LIBRARIES = YES;
				BUNDLE_LOADER = "$(TEST_HOST)";
				CODE_SIGN_STYLE = Automatic;
				INFOPLIST_FILE = GitHankingTests/Info.plist;
				IPHONEOS_DEPLOYMENT_TARGET = 13.6;
				LD_RUNPATH_SEARCH_PATHS = (
					"$(inherited)",
					"@executable_path/Frameworks",
					"@loader_path/Frameworks",
				);
				PRODUCT_BUNDLE_IDENTIFIER = guadalupemontefusco.GitHankingTests;
				PRODUCT_NAME = "$(TARGET_NAME)";
				SWIFT_VERSION = 5.0;
				TARGETED_DEVICE_FAMILY = "1,2";
				TEST_HOST = "$(BUILT_PRODUCTS_DIR)/GitHanking.app/GitHanking";
			};
			name = Release;
		};
		D70AB7E024E95BC0000F9308 /* Debug */ = {
			isa = XCBuildConfiguration;
			buildSettings = {
				ALWAYS_EMBED_SWIFT_STANDARD_LIBRARIES = YES;
				CODE_SIGN_STYLE = Automatic;
				INFOPLIST_FILE = GitHankingUITests/Info.plist;
				LD_RUNPATH_SEARCH_PATHS = (
					"$(inherited)",
					"@executable_path/Frameworks",
					"@loader_path/Frameworks",
				);
				PRODUCT_BUNDLE_IDENTIFIER = guadalupemontefusco.GitHankingUITests;
				PRODUCT_NAME = "$(TARGET_NAME)";
				SWIFT_VERSION = 5.0;
				TARGETED_DEVICE_FAMILY = "1,2";
				TEST_TARGET_NAME = GitHanking;
			};
			name = Debug;
		};
		D70AB7E124E95BC0000F9308 /* Release */ = {
			isa = XCBuildConfiguration;
			buildSettings = {
				ALWAYS_EMBED_SWIFT_STANDARD_LIBRARIES = YES;
				CODE_SIGN_STYLE = Automatic;
				INFOPLIST_FILE = GitHankingUITests/Info.plist;
				LD_RUNPATH_SEARCH_PATHS = (
					"$(inherited)",
					"@executable_path/Frameworks",
					"@loader_path/Frameworks",
				);
				PRODUCT_BUNDLE_IDENTIFIER = guadalupemontefusco.GitHankingUITests;
				PRODUCT_NAME = "$(TARGET_NAME)";
				SWIFT_VERSION = 5.0;
				TARGETED_DEVICE_FAMILY = "1,2";
				TEST_TARGET_NAME = GitHanking;
			};
			name = Release;
		};
/* End XCBuildConfiguration section */

/* Begin XCConfigurationList section */
		D70AB7AA24E95BBD000F9308 /* Build configuration list for PBXProject "GitHanking" */ = {
			isa = XCConfigurationList;
			buildConfigurations = (
				D70AB7D724E95BC0000F9308 /* Debug */,
				D70AB7D824E95BC0000F9308 /* Release */,
			);
			defaultConfigurationIsVisible = 0;
			defaultConfigurationName = Release;
		};
		D70AB7D924E95BC0000F9308 /* Build configuration list for PBXNativeTarget "GitHanking" */ = {
			isa = XCConfigurationList;
			buildConfigurations = (
				D70AB7DA24E95BC0000F9308 /* Debug */,
				D70AB7DB24E95BC0000F9308 /* Release */,
			);
			defaultConfigurationIsVisible = 0;
			defaultConfigurationName = Release;
		};
		D70AB7DC24E95BC0000F9308 /* Build configuration list for PBXNativeTarget "GitHankingTests" */ = {
			isa = XCConfigurationList;
			buildConfigurations = (
				D70AB7DD24E95BC0000F9308 /* Debug */,
				D70AB7DE24E95BC0000F9308 /* Release */,
			);
			defaultConfigurationIsVisible = 0;
			defaultConfigurationName = Release;
		};
		D70AB7DF24E95BC0000F9308 /* Build configuration list for PBXNativeTarget "GitHankingUITests" */ = {
			isa = XCConfigurationList;
			buildConfigurations = (
				D70AB7E024E95BC0000F9308 /* Debug */,
				D70AB7E124E95BC0000F9308 /* Release */,
			);
			defaultConfigurationIsVisible = 0;
			defaultConfigurationName = Release;
		};
/* End XCConfigurationList section */
	};
	rootObject = D70AB7A724E95BBD000F9308 /* Project object */;
}
